// !$*UTF8*$!
{
	archiveVersion = 1;
	classes = {
	};
	objectVersion = 56;
	objects = {

/* Begin PBXBuildFile section */
		DB76CBD32AD46563009D9CF0 /* AppDelegate.swift in Sources */ = {isa = PBXBuildFile; fileRef = DB76CBD22AD46563009D9CF0 /* AppDelegate.swift */; };
		DB76CBD52AD46563009D9CF0 /* SceneDelegate.swift in Sources */ = {isa = PBXBuildFile; fileRef = DB76CBD42AD46563009D9CF0 /* SceneDelegate.swift */; };
		DB76CBD72AD46563009D9CF0 /* ViewController.swift in Sources */ = {isa = PBXBuildFile; fileRef = DB76CBD62AD46563009D9CF0 /* ViewController.swift */; };
		DB76CBDA2AD46563009D9CF0 /* Main.storyboard in Resources */ = {isa = PBXBuildFile; fileRef = DB76CBD82AD46563009D9CF0 /* Main.storyboard */; };
		DB76CBDC2AD46563009D9CF0 /* Assets.xcassets in Resources */ = {isa = PBXBuildFile; fileRef = DB76CBDB2AD46563009D9CF0 /* Assets.xcassets */; };
		DB76CBDF2AD46563009D9CF0 /* LaunchScreen.storyboard in Resources */ = {isa = PBXBuildFile; fileRef = DB76CBDD2AD46563009D9CF0 /* LaunchScreen.storyboard */; };
		DB76CBE72AD46E95009D9CF0 /* NewsItem.swift in Sources */ = {isa = PBXBuildFile; fileRef = DB76CBE62AD46E95009D9CF0 /* NewsItem.swift */; };
/* End PBXBuildFile section */

/* Begin PBXFileReference section */
		DB76CBCF2AD46563009D9CF0 /* NewsFeed.app */ = {isa = PBXFileReference; explicitFileType = wrapper.application; includeInIndex = 0; path = NewsFeed.app; sourceTree = BUILT_PRODUCTS_DIR; };
		DB76CBD22AD46563009D9CF0 /* AppDelegate.swift */ = {isa = PBXFileReference; lastKnownFileType = sourcecode.swift; path = AppDelegate.swift; sourceTree = "<group>"; };
		DB76CBD42AD46563009D9CF0 /* SceneDelegate.swift */ = {isa = PBXFileReference; lastKnownFileType = sourcecode.swift; path = SceneDelegate.swift; sourceTree = "<group>"; };
		DB76CBD62AD46563009D9CF0 /* ViewController.swift */ = {isa = PBXFileReference; lastKnownFileType = sourcecode.swift; path = ViewController.swift; sourceTree = "<group>"; };
		DB76CBD92AD46563009D9CF0 /* Base */ = {isa = PBXFileReference; lastKnownFileType = file.storyboard; name = Base; path = Base.lproj/Main.storyboard; sourceTree = "<group>"; };
		DB76CBDB2AD46563009D9CF0 /* Assets.xcassets */ = {isa = PBXFileReference; lastKnownFileType = folder.assetcatalog; path = Assets.xcassets; sourceTree = "<group>"; };
		DB76CBDE2AD46563009D9CF0 /* Base */ = {isa = PBXFileReference; lastKnownFileType = file.storyboard; name = Base; path = Base.lproj/LaunchScreen.storyboard; sourceTree = "<group>"; };
		DB76CBE02AD46563009D9CF0 /* Info.plist */ = {isa = PBXFileReference; lastKnownFileType = text.plist.xml; path = Info.plist; sourceTree = "<group>"; };
		DB76CBE62AD46E95009D9CF0 /* NewsItem.swift */ = {isa = PBXFileReference; lastKnownFileType = sourcecode.swift; path = NewsItem.swift; sourceTree = "<group>"; };
/* End PBXFileReference section */

/* Begin PBXFrameworksBuildPhase section */
		DB76CBCC2AD46563009D9CF0 /* Frameworks */ = {
			isa = PBXFrameworksBuildPhase;
			buildActionMask = 2147483647;
			files = (
			);
			runOnlyForDeploymentPostprocessing = 0;
		};
/* End PBXFrameworksBuildPhase section */

/* Begin PBXGroup section */
		DB76CBC62AD46563009D9CF0 = {
			isa = PBXGroup;
			children = (
				DB76CBD12AD46563009D9CF0 /* NewsFeed */,
				DB76CBD02AD46563009D9CF0 /* Products */,
			);
			sourceTree = "<group>";
		};
		DB76CBD02AD46563009D9CF0 /* Products */ = {
			isa = PBXGroup;
			children = (
				DB76CBCF2AD46563009D9CF0 /* NewsFeed.app */,
			);
			name = Products;
			sourceTree = "<group>";
		};
		DB76CBD12AD46563009D9CF0 /* NewsFeed */ = {
			isa = PBXGroup;
			children = (
				DB76CBD22AD46563009D9CF0 /* AppDelegate.swift */,
				DB76CBD42AD46563009D9CF0 /* SceneDelegate.swift */,
				DB76CBD62AD46563009D9CF0 /* ViewController.swift */,
				DB76CBE62AD46E95009D9CF0 /* NewsItem.swift */,
				DB76CBD82AD46563009D9CF0 /* Main.storyboard */,
				DB76CBDB2AD46563009D9CF0 /* Assets.xcassets */,
				DB76CBDD2AD46563009D9CF0 /* LaunchScreen.storyboard */,
				DB76CBE02AD46563009D9CF0 /* Info.plist */,
			);
			path = NewsFeed;
			sourceTree = "<group>";
		};
/* End PBXGroup section */

/* Begin PBXNativeTarget section */
		DB76CBCE2AD46563009D9CF0 /* NewsFeed */ = {
			isa = PBXNativeTarget;
			buildConfigurationList = DB76CBE32AD46563009D9CF0 /* Build configuration list for PBXNativeTarget "NewsFeed" */;
			buildPhases = (
				DB76CBCB2AD46563009D9CF0 /* Sources */,
				DB76CBCC2AD46563009D9CF0 /* Frameworks */,
				DB76CBCD2AD46563009D9CF0 /* Resources */,
			);
			buildRules = (
			);
			dependencies = (
			);
			name = NewsFeed;
			productName = NewsFeed;
			productReference = DB76CBCF2AD46563009D9CF0 /* NewsFeed.app */;
			productType = "com.apple.product-type.application";
		};
/* End PBXNativeTarget section */

/* Begin PBXProject section */
		DB76CBC72AD46563009D9CF0 /* Project object */ = {
			isa = PBXProject;
			attributes = {
				BuildIndependentTargetsInParallel = 1;
				LastSwiftUpdateCheck = 1500;
				LastUpgradeCheck = 1500;
				TargetAttributes = {
					DB76CBCE2AD46563009D9CF0 = {
						CreatedOnToolsVersion = 15.0;
					};
				};
			};
			buildConfigurationList = DB76CBCA2AD46563009D9CF0 /* Build configuration list for PBXProject "NewsFeed" */;
			compatibilityVersion = "Xcode 14.0";
			developmentRegion = en;
			hasScannedForEncodings = 0;
			knownRegions = (
				en,
				Base,
			);
			mainGroup = DB76CBC62AD46563009D9CF0;
			productRefGroup = DB76CBD02AD46563009D9CF0 /* Products */;
			projectDirPath = "";
			projectRoot = "";
			targets = (
				DB76CBCE2AD46563009D9CF0 /* NewsFeed */,
			);
		};
/* End PBXProject section */

/* Begin PBXResourcesBuildPhase section */
		DB76CBCD2AD46563009D9CF0 /* Resources */ = {
			isa = PBXResourcesBuildPhase;
			buildActionMask = 2147483647;
			files = (
				DB76CBDF2AD46563009D9CF0 /* LaunchScreen.storyboard in Resources */,
				DB76CBDC2AD46563009D9CF0 /* Assets.xcassets in Resources */,
				DB76CBDA2AD46563009D9CF0 /* Main.storyboard in Resources */,
			);
			runOnlyForDeploymentPostprocessing = 0;
		};
/* End PBXResourcesBuildPhase section */

/* Begin PBXSourcesBuildPhase section */
		DB76CBCB2AD46563009D9CF0 /* Sources */ = {
			isa = PBXSourcesBuildPhase;
			buildActionMask = 2147483647;
			files = (
				DB76CBD72AD46563009D9CF0 /* ViewController.swift in Sources */,
				DB76CBE72AD46E95009D9CF0 /* NewsItem.swift in Sources */,
				DB76CBD32AD46563009D9CF0 /* AppDelegate.swift in Sources */,
				DB76CBD52AD46563009D9CF0 /* SceneDelegate.swift in Sources */,
			);
			runOnlyForDeploymentPostprocessing = 0;
		};
/* End PBXSourcesBuildPhase section */

/* Begin PBXVariantGroup section */
		DB76CBD82AD46563009D9CF0 /* Main.storyboard */ = {
			isa = PBXVariantGroup;
			children = (
				DB76CBD92AD46563009D9CF0 /* Base */,
			);
			name = Main.storyboard;
			sourceTree = "<group>";
		};
		DB76CBDD2AD46563009D9CF0 /* LaunchScreen.storyboard */ = {
			isa = PBXVariantGroup;
			children = (
				DB76CBDE2AD46563009D9CF0 /* Base */,
			);
			name = LaunchScreen.storyboard;
			sourceTree = "<group>";
		};
/* End PBXVariantGroup section */

/* Begin XCBuildConfiguration section */
		DB76CBE12AD46563009D9CF0 /* Debug */ = {
			isa = XCBuildConfiguration;
			buildSettings = {
				ALWAYS_SEARCH_USER_PATHS = NO;
				ASSETCATALOG_COMPILER_GENERATE_SWIFT_ASSET_SYMBOL_EXTENSIONS = YES;
				CLANG_ANALYZER_NONNULL = YES;
				CLANG_ANALYZER_NUMBER_OBJECT_CONVERSION = YES_AGGRESSIVE;
				CLANG_CXX_LANGUAGE_STANDARD = "gnu++20";
				CLANG_ENABLE_MODULES = YES;
				CLANG_ENABLE_OBJC_ARC = YES;
				CLANG_ENABLE_OBJC_WEAK = YES;
				CLANG_WARN_BLOCK_CAPTURE_AUTORELEASING = YES;
				CLANG_WARN_BOOL_CONVERSION = YES;
				CLANG_WARN_COMMA = YES;
				CLANG_WARN_CONSTANT_CONVERSION = YES;
				CLANG_WARN_DEPRECATED_OBJC_IMPLEMENTATIONS = YES;
				CLANG_WARN_DIRECT_OBJC_ISA_USAGE = YES_ERROR;
				CLANG_WARN_DOCUMENTATION_COMMENTS = YES;
				CLANG_WARN_EMPTY_BODY = YES;
				CLANG_WARN_ENUM_CONVERSION = YES;
				CLANG_WARN_INFINITE_RECURSION = YES;
				CLANG_WARN_INT_CONVERSION = YES;
				CLANG_WARN_NON_LITERAL_NULL_CONVERSION = YES;
				CLANG_WARN_OBJC_IMPLICIT_RETAIN_SELF = YES;
				CLANG_WARN_OBJC_LITERAL_CONVERSION = YES;
				CLANG_WARN_OBJC_ROOT_CLASS = YES_ERROR;
				CLANG_WARN_QUOTED_INCLUDE_IN_FRAMEWORK_HEADER = YES;
				CLANG_WARN_RANGE_LOOP_ANALYSIS = YES;
				CLANG_WARN_STRICT_PROTOTYPES = YES;
				CLANG_WARN_SUSPICIOUS_MOVE = YES;
				CLANG_WARN_UNGUARDED_AVAILABILITY = YES_AGGRESSIVE;
				CLANG_WARN_UNREACHABLE_CODE = YES;
				CLANG_WARN__DUPLICATE_METHOD_MATCH = YES;
				COPY_PHASE_STRIP = NO;
				DEBUG_INFORMATION_FORMAT = dwarf;
				ENABLE_STRICT_OBJC_MSGSEND = YES;
				ENABLE_TESTABILITY = YES;
				ENABLE_USER_SCRIPT_SANDBOXING = YES;
				GCC_C_LANGUAGE_STANDARD = gnu17;
				GCC_DYNAMIC_NO_PIC = NO;
				GCC_NO_COMMON_BLOCKS = YES;
				GCC_OPTIMIZATION_LEVEL = 0;
				GCC_PREPROCESSOR_DEFINITIONS = (
					"DEBUG=1",
					"$(inherited)",
				);
				GCC_WARN_64_TO_32_BIT_CONVERSION = YES;
				GCC_WARN_ABOUT_RETURN_TYPE = YES_ERROR;
				GCC_WARN_UNDECLARED_SELECTOR = YES;
				GCC_WARN_UNINITIALIZED_AUTOS = YES_AGGRESSIVE;
				GCC_WARN_UNUSED_FUNCTION = YES;
				GCC_WARN_UNUSED_VARIABLE = YES;
				IPHONEOS_DEPLOYMENT_TARGET = 17.0;
				LOCALIZATION_PREFERS_STRING_CATALOGS = YES;
				MTL_ENABLE_DEBUG_INFO = INCLUDE_SOURCE;
				MTL_FAST_MATH = YES;
				ONLY_ACTIVE_ARCH = YES;
				SDKROOT = iphoneos;
				SWIFT_ACTIVE_COMPILATION_CONDITIONS = "DEBUG $(inherited)";
				SWIFT_OPTIMIZATION_LEVEL = "-Onone";
			};
			name = Debug;
		};
		DB76CBE22AD46563009D9CF0 /* Release */ = {
			isa = XCBuildConfiguration;
			buildSettings = {
				ALWAYS_SEARCH_USER_PATHS = NO;
				ASSETCATALOG_COMPILER_GENERATE_SWIFT_ASSET_SYMBOL_EXTENSIONS = YES;
				CLANG_ANALYZER_NONNULL = YES;
				CLANG_ANALYZER_NUMBER_OBJECT_CONVERSION = YES_AGGRESSIVE;
				CLANG_CXX_LANGUAGE_STANDARD = "gnu++20";
				CLANG_ENABLE_MODULES = YES;
				CLANG_ENABLE_OBJC_ARC = YES;
				CLANG_ENABLE_OBJC_WEAK = YES;
				CLANG_WARN_BLOCK_CAPTURE_AUTORELEASING = YES;
				CLANG_WARN_BOOL_CONVERSION = YES;
				CLANG_WARN_COMMA = YES;
				CLANG_WARN_CONSTANT_CONVERSION = YES;
				CLANG_WARN_DEPRECATED_OBJC_IMPLEMENTATIONS = YES;
				CLANG_WARN_DIRECT_OBJC_ISA_USAGE = YES_ERROR;
				CLANG_WARN_DOCUMENTATION_COMMENTS = YES;
				CLANG_WARN_EMPTY_BODY = YES;
				CLANG_WARN_ENUM_CONVERSION = YES;
				CLANG_WARN_INFINITE_RECURSION = YES;
				CLANG_WARN_INT_CONVERSION = YES;
				CLANG_WARN_NON_LITERAL_NULL_CONVERSION = YES;
				CLANG_WARN_OBJC_IMPLICIT_RETAIN_SELF = YES;
				CLANG_WARN_OBJC_LITERAL_CONVERSION = YES;
				CLANG_WARN_OBJC_ROOT_CLASS = YES_ERROR;
				CLANG_WARN_QUOTED_INCLUDE_IN_FRAMEWORK_HEADER = YES;
				CLANG_WARN_RANGE_LOOP_ANALYSIS = YES;
				CLANG_WARN_STRICT_PROTOTYPES = YES;
				CLANG_WARN_SUSPICIOUS_MOVE = YES;
				CLANG_WARN_UNGUARDED_AVAILABILITY = YES_AGGRESSIVE;
				CLANG_WARN_UNREACHABLE_CODE = YES;
				CLANG_WARN__DUPLICATE_METHOD_MATCH = YES;
				COPY_PHASE_STRIP = NO;
				DEBUG_INFORMATION_FORMAT = "dwarf-with-dsym";
				ENABLE_NS_ASSERTIONS = NO;
				ENABLE_STRICT_OBJC_MSGSEND = YES;
				ENABLE_USER_SCRIPT_SANDBOXING = YES;
				GCC_C_LANGUAGE_STANDARD = gnu17;
				GCC_NO_COMMON_BLOCKS = YES;
				GCC_WARN_64_TO_32_BIT_CONVERSION = YES;
				GCC_WARN_ABOUT_RETURN_TYPE = YES_ERROR;
				GCC_WARN_UNDECLARED_SELECTOR = YES;
				GCC_WARN_UNINITIALIZED_AUTOS = YES_AGGRESSIVE;
				GCC_WARN_UNUSED_FUNCTION = YES;
				GCC_WARN_UNUSED_VARIABLE = YES;
				IPHONEOS_DEPLOYMENT_TARGET = 17.0;
				LOCALIZATION_PREFERS_STRING_CATALOGS = YES;
				MTL_ENABLE_DEBUG_INFO = NO;
				MTL_FAST_MATH = YES;
				SDKROOT = iphoneos;
				SWIFT_COMPILATION_MODE = wholemodule;
				VALIDATE_PRODUCT = YES;
			};
			name = Release;
		};
		DB76CBE42AD46563009D9CF0 /* Debug */ = {
			isa = XCBuildConfiguration;
			buildSettings = {
				ASSETCATALOG_COMPILER_APPICON_NAME = AppIcon;
				ASSETCATALOG_COMPILER_GLOBAL_ACCENT_COLOR_NAME = AccentColor;
				CODE_SIGN_STYLE = Automatic;
				CURRENT_PROJECT_VERSION = 1;
				GENERATE_INFOPLIST_FILE = YES;
				INFOPLIST_FILE = NewsFeed/Info.plist;
				INFOPLIST_KEY_UIApplicationSupportsIndirectInputEvents = YES;
				INFOPLIST_KEY_UILaunchStoryboardName = LaunchScreen;
				INFOPLIST_KEY_UIMainStoryboardFile = Main;
				INFOPLIST_KEY_UISupportedInterfaceOrientations_iPad = "UIInterfaceOrientationPortrait UIInterfaceOrientationPortraitUpsideDown UIInterfaceOrientationLandscapeLeft UIInterfaceOrientationLandscapeRight";
				INFOPLIST_KEY_UISupportedInterfaceOrientations_iPhone = "UIInterfaceOrientationPortrait UIInterfaceOrientationLandscapeLeft UIInterfaceOrientationLandscapeRight";
				LD_RUNPATH_SEARCH_PATHS = (
					"$(inherited)",
					"@executable_path/Frameworks",
				);
				MARKETING_VERSION = 1.0;
				PRODUCT_BUNDLE_IDENTIFIER = Aset.NewsFeed;
				PRODUCT_NAME = "$(TARGET_NAME)";
				SWIFT_EMIT_LOC_STRINGS = YES;
				SWIFT_VERSION = 5.0;
				TARGETED_DEVICE_FAMILY = "1,2";
			};
			name = Debug;
		};
		DB76CBE52AD46563009D9CF0 /* Release */ = {
			isa = XCBuildConfiguration;
			buildSettings = {
				ASSETCATALOG_COMPILER_APPICON_NAME = AppIcon;
				ASSETCATALOG_COMPILER_GLOBAL_ACCENT_COLOR_NAME = AccentColor;
				CODE_SIGN_STYLE = Automatic;
				CURRENT_PROJECT_VERSION = 1;
				GENERATE_INFOPLIST_FILE = YES;
				INFOPLIST_FILE = NewsFeed/Info.plist;
				INFOPLIST_KEY_UIApplicationSupportsIndirectInputEvents = YES;
				INFOPLIST_KEY_UILaunchStoryboardName = LaunchScreen;
				INFOPLIST_KEY_UIMainStoryboardFile = Main;
				INFOPLIST_KEY_UISupportedInterfaceOrientations_iPad = "UIInterfaceOrientationPortrait UIInterfaceOrientationPortraitUpsideDown UIInterfaceOrientationLandscapeLeft UIInterfaceOrientationLandscapeRight";
				INFOPLIST_KEY_UISupportedInterfaceOrientations_iPhone = "UIInterfaceOrientationPortrait UIInterfaceOrientationLandscapeLeft UIInterfaceOrientationLandscapeRight";
				LD_RUNPATH_SEARCH_PATHS = (
					"$(inherited)",
					"@executable_path/Frameworks",
				);
				MARKETING_VERSION = 1.0;
				PRODUCT_BUNDLE_IDENTIFIER = Aset.NewsFeed;
				PRODUCT_NAME = "$(TARGET_NAME)";
				SWIFT_EMIT_LOC_STRINGS = YES;
				SWIFT_VERSION = 5.0;
				TARGETED_DEVICE_FAMILY = "1,2";
			};
			name = Release;
		};
/* End XCBuildConfiguration section */

/* Begin XCConfigurationList section */
		DB76CBCA2AD46563009D9CF0 /* Build configuration list for PBXProject "NewsFeed" */ = {
			isa = XCConfigurationList;
			buildConfigurations = (
				DB76CBE12AD46563009D9CF0 /* Debug */,
				DB76CBE22AD46563009D9CF0 /* Release */,
			);
			defaultConfigurationIsVisible = 0;
			defaultConfigurationName = Release;
		};
		DB76CBE32AD46563009D9CF0 /* Build configuration list for PBXNativeTarget "NewsFeed" */ = {
			isa = XCConfigurationList;
			buildConfigurations = (
				DB76CBE42AD46563009D9CF0 /* Debug */,
				DB76CBE52AD46563009D9CF0 /* Release */,
			);
			defaultConfigurationIsVisible = 0;
			defaultConfigurationName = Release;
		};
/* End XCConfigurationList section */
	};
	rootObject = DB76CBC72AD46563009D9CF0 /* Project object */;
}
